
Microsoft Visual Studio Solution File, Format Version 12.00
# Visual Studio 15
VisualStudioVersion = 15.0.27703.2042
MinimumVisualStudioVersion = 10.0.40219.1
Project("{8BC9CEB8-8B4A-11D0-8D11-00A0C91BC942}") = "rjson", "rjson\rjson.vcxproj", "{C8116C5F-CED9-4321-A7F5-68FC9389DED8}"
EndProject
Project("{8BC9CEB8-8B4A-11D0-8D11-00A0C91BC942}") = "test", "test\test.vcxproj", "{CB139474-5C01-4095-A34E-8A196FC5CD0F}"
	ProjectSection(ProjectDependencies) = postProject
		{C8116C5F-CED9-4321-A7F5-68FC9389DED8} = {C8116C5F-CED9-4321-A7F5-68FC9389DED8}
	EndProjectSection
EndProject
Global
	GlobalSection(SolutionConfigurationPlatforms) = preSolution
		Debug|x64 = Debug|x64
		Debug|x86 = Debug|x86
		Release|x64 = Release|x64
		Release|x86 = Release|x86
	EndGlobalSection
	GlobalSection(ProjectConfigurationPlatforms) = postSolution
		{C8116C5F-CED9-4321-A7F5-68FC9389DED8}.Debug|x64.ActiveCfg = Debug|x64
		{C8116C5F-CED9-4321-A7F5-68FC9389DED8}.Debug|x64.Build.0 = Debug|x64
		{C8116C5F-CED9-4321-A7F5-68FC9389DED8}.Debug|x86.ActiveCfg = Debug|Win32
		{C8116C5F-CED9-4321-A7F5-68FC9389DED8}.Debug|x86.Build.0 = Debug|Win32
		{C8116C5F-CED9-4321-A7F5-68FC9389DED8}.Release|x64.ActiveCfg = Release|x64
		{C8116C5F-CED9-4321-A7F5-68FC9389DED8}.Release|x64.Build.0 = Release|x64
		{C8116C5F-CED9-4321-A7F5-68FC9389DED8}.Release|x86.ActiveCfg = Release|Win32
		{C8116C5F-CED9-4321-A7F5-68FC9389DED8}.Release|x86.Build.0 = Release|Win32
		{CB139474-5C01-4095-A34E-8A196FC5CD0F}.Debug|x64.ActiveCfg = Debug|x64
		{CB139474-5C01-4095-A34E-8A196FC5CD0F}.Debug|x64.Build.0 = Debug|x64
		{CB139474-5C01-4095-A34E-8A196FC5CD0F}.Debug|x86.ActiveCfg = Debug|Win32
		{CB139474-5C01-4095-A34E-8A196FC5CD0F}.Debug|x86.Build.0 = Debug|Win32
		{CB139474-5C01-4095-A34E-8A196FC5CD0F}.Release|x64.ActiveCfg = Release|x64
		{CB139474-5C01-4095-A34E-8A196FC5CD0F}.Release|x64.Build.0 = Release|x64
		{CB139474-5C01-4095-A34E-8A196FC5CD0F}.Release|x86.ActiveCfg = Release|Win32
		{CB139474-5C01-4095-A34E-8A196FC5CD0F}.Release|x86.Build.0 = Release|Win32
	EndGlobalSection
	GlobalSection(SolutionProperties) = preSolution
		HideSolutionNode = FALSE
	EndGlobalSection
	GlobalSection(ExtensibilityGlobals) = postSolution
		SolutionGuid = {FDFD49DB-96F8-47DF-8D4C-CF38567EA03A}
	EndGlobalSection
EndGlobal
